
Microsoft Visual Studio Solution File, Format Version 12.00
# Visual Studio Version 17
VisualStudioVersion = 17.5.33627.172
MinimumVisualStudioVersion = 10.0.40219.1
Project("{FAE04EC0-301F-11D3-BF4B-00C04F79EFBC}") = "RTMent.Core", "RTMent.Core\RTMent.Core.csproj", "{D45B4090-0376-46FD-A4F9-7A7B194CBFC6}"
EndProject
Global
	GlobalSection(SolutionConfigurationPlatforms) = preSolution
		Debug|Any CPU = Debug|Any CPU
		Release|Any CPU = Release|Any CPU
	EndGlobalSection
	GlobalSection(ProjectConfigurationPlatforms) = postSolution
		{D45B4090-0376-46FD-A4F9-7A7B194CBFC6}.Debug|Any CPU.ActiveCfg = Debug|Any CPU
		{D45B4090-0376-46FD-A4F9-7A7B194CBFC6}.Debug|Any CPU.Build.0 = Debug|Any CPU
		{D45B4090-0376-46FD-A4F9-7A7B194CBFC6}.Release|Any CPU.ActiveCfg = Release|Any CPU
		{D45B4090-0376-46FD-A4F9-7A7B194CBFC6}.Release|Any CPU.Build.0 = Release|Any CPU
	EndGlobalSection
	GlobalSection(SolutionProperties) = preSolution
		HideSolutionNode = FALSE
	EndGlobalSection
	GlobalSection(ExtensibilityGlobals) = postSolution
		SolutionGuid = {18E6459D-E5F1-4922-BD75-B98A5748518F}
	EndGlobalSection
EndGlobal
